
Microsoft Visual Studio Solution File, Format Version 12.00
# Visual Studio Version 17
VisualStudioVersion = 17.13.35825.156 d17.13
MinimumVisualStudioVersion = 10.0.40219.1
Project("{FAE04EC0-301F-11D3-BF4B-00C04F79EFBC}") = "Solid.TestTask", "Solid.TestTask\Solid.TestTask.csproj", "{64C37AFB-2ED0-4970-98C1-62B533F18022}"
EndProject
Global
	GlobalSection(SolutionConfigurationPlatforms) = preSolution
		Debug|Any CPU = Debug|Any CPU
		Release|Any CPU = Release|Any CPU
	EndGlobalSection
	GlobalSection(ProjectConfigurationPlatforms) = postSolution
		{64C37AFB-2ED0-4970-98C1-62B533F18022}.Debug|Any CPU.ActiveCfg = Debug|Any CPU
		{64C37AFB-2ED0-4970-98C1-62B533F18022}.Debug|Any CPU.Build.0 = Debug|Any CPU
		{64C37AFB-2ED0-4970-98C1-62B533F18022}.Release|Any CPU.ActiveCfg = Release|Any CPU
		{64C37AFB-2ED0-4970-98C1-62B533F18022}.Release|Any CPU.Build.0 = Release|Any CPU
	EndGlobalSection
	GlobalSection(SolutionProperties) = preSolution
		HideSolutionNode = FALSE
	EndGlobalSection
	GlobalSection(ExtensibilityGlobals) = postSolution
		SolutionGuid = {6744E7AD-C1E0-447E-8F90-FECBCB4731B3}
	EndGlobalSection
EndGlobal
